{
  "pins" : [
    {
      "identity" : "kingfisher",
      "kind" : "remoteSourceControl",
      "location" : "https://github.com/onevcat/Kingfisher.git",
      "state" : {
        "branch" : "master",
        "revision" : "3e091ee962391a2ddcae5b18e17bc625f9d88d6e"
      }
    },
    {
      "identity" : "sidetown",
      "kind" : "remoteSourceControl",
      "location" : "https://github.com/sametkoyuncu/SideTown.git",
      "state" : {
        "branch" : "main",
        "revision" : "aa5279db824a525dee80c624d0cc5cafda345f92"
      }
    }
  ],
  "version" : 2
}
