// !$*UTF8*$!
{
	archiveVersion = 1;
	classes = {
	};
	objectVersion = 55;
	objects = {

/* Begin PBXBuildFile section */
		6E0E45DF2923E40600D1C213 /* Kingfisher in Frameworks */ = {isa = PBXBuildFile; productRef = 6E0E45DE2923E40600D1C213 /* Kingfisher */; };
		6E615E35292159B300FD4C48 /* AppDelegate.swift in Sources */ = {isa = PBXBuildFile; fileRef = 6E615E34292159B300FD4C48 /* AppDelegate.swift */; };
		6E615E37292159B300FD4C48 /* SceneDelegate.swift in Sources */ = {isa = PBXBuildFile; fileRef = 6E615E36292159B300FD4C48 /* SceneDelegate.swift */; };
		6E615E39292159B300FD4C48 /* HomeVC.swift in Sources */ = {isa = PBXBuildFile; fileRef = 6E615E38292159B300FD4C48 /* HomeVC.swift */; };
		6E615E3C292159B300FD4C48 /* Main.storyboard in Resources */ = {isa = PBXBuildFile; fileRef = 6E615E3A292159B300FD4C48 /* Main.storyboard */; };
		6E615E3E292159B600FD4C48 /* Assets.xcassets in Resources */ = {isa = PBXBuildFile; fileRef = 6E615E3D292159B600FD4C48 /* Assets.xcassets */; };
		6E615E41292159B600FD4C48 /* LaunchScreen.storyboard in Resources */ = {isa = PBXBuildFile; fileRef = 6E615E3F292159B600FD4C48 /* LaunchScreen.storyboard */; };
		6E615E4929216B0E00FD4C48 /* Model.swift in Sources */ = {isa = PBXBuildFile; fileRef = 6E615E4829216B0E00FD4C48 /* Model.swift */; };
		6E615E4F29216C5300FD4C48 /* TopCell.swift in Sources */ = {isa = PBXBuildFile; fileRef = 6E615E4D29216C5300FD4C48 /* TopCell.swift */; };
		6E615E5029216C5300FD4C48 /* TopCell.xib in Resources */ = {isa = PBXBuildFile; fileRef = 6E615E4E29216C5300FD4C48 /* TopCell.xib */; };
		6E615E5329216C5F00FD4C48 /* BottomCell.swift in Sources */ = {isa = PBXBuildFile; fileRef = 6E615E5129216C5F00FD4C48 /* BottomCell.swift */; };
		6E615E5429216C5F00FD4C48 /* BottomCell.xib in Resources */ = {isa = PBXBuildFile; fileRef = 6E615E5229216C5F00FD4C48 /* BottomCell.xib */; };
		6E6279FF2922508600925327 /* SideTown in Frameworks */ = {isa = PBXBuildFile; productRef = 6E6279FE2922508600925327 /* SideTown */; };
		6E627A0A29226F1300925327 /* SearchVC.swift in Sources */ = {isa = PBXBuildFile; fileRef = 6E627A0929226F1300925327 /* SearchVC.swift */; };
		6E627A0E2922702D00925327 /* SearchCell.swift in Sources */ = {isa = PBXBuildFile; fileRef = 6E627A0C2922702D00925327 /* SearchCell.swift */; };
		6E627A0F2922702D00925327 /* SearchCell.xib in Resources */ = {isa = PBXBuildFile; fileRef = 6E627A0D2922702D00925327 /* SearchCell.xib */; };
		6EB5B2782922BD5000C2ACFF /* NetworkManager.swift in Sources */ = {isa = PBXBuildFile; fileRef = 6EB5B2772922BD5000C2ACFF /* NetworkManager.swift */; };
		6EEDBFAB2922C88300D7F07A /* FavoritesVC.swift in Sources */ = {isa = PBXBuildFile; fileRef = 6EEDBFAA2922C88300D7F07A /* FavoritesVC.swift */; };
		6EEDBFAE2922C90C00D7F07A /* FavoritesCell.swift in Sources */ = {isa = PBXBuildFile; fileRef = 6EEDBFAC2922C90C00D7F07A /* FavoritesCell.swift */; };
		6EEDBFAF2922C90C00D7F07A /* FavoritesCell.xib in Resources */ = {isa = PBXBuildFile; fileRef = 6EEDBFAD2922C90C00D7F07A /* FavoritesCell.xib */; };
/* End PBXBuildFile section */

/* Begin PBXFileReference section */
		6E615E31292159B300FD4C48 /* Foodies.app */ = {isa = PBXFileReference; explicitFileType = wrapper.application; includeInIndex = 0; path = Foodies.app; sourceTree = BUILT_PRODUCTS_DIR; };
		6E615E34292159B300FD4C48 /* AppDelegate.swift */ = {isa = PBXFileReference; lastKnownFileType = sourcecode.swift; path = AppDelegate.swift; sourceTree = "<group>"; };
		6E615E36292159B300FD4C48 /* SceneDelegate.swift */ = {isa = PBXFileReference; lastKnownFileType = sourcecode.swift; path = SceneDelegate.swift; sourceTree = "<group>"; };
		6E615E38292159B300FD4C48 /* HomeVC.swift */ = {isa = PBXFileReference; lastKnownFileType = sourcecode.swift; path = HomeVC.swift; sourceTree = "<group>"; };
		6E615E3B292159B300FD4C48 /* Base */ = {isa = PBXFileReference; lastKnownFileType = file.storyboard; name = Base; path = Base.lproj/Main.storyboard; sourceTree = "<group>"; };
		6E615E3D292159B600FD4C48 /* Assets.xcassets */ = {isa = PBXFileReference; lastKnownFileType = folder.assetcatalog; path = Assets.xcassets; sourceTree = "<group>"; };
		6E615E40292159B600FD4C48 /* Base */ = {isa = PBXFileReference; lastKnownFileType = file.storyboard; name = Base; path = Base.lproj/LaunchScreen.storyboard; sourceTree = "<group>"; };
		6E615E42292159B600FD4C48 /* Info.plist */ = {isa = PBXFileReference; lastKnownFileType = text.plist.xml; path = Info.plist; sourceTree = "<group>"; };
		6E615E4829216B0E00FD4C48 /* Model.swift */ = {isa = PBXFileReference; lastKnownFileType = sourcecode.swift; path = Model.swift; sourceTree = "<group>"; };
		6E615E4D29216C5300FD4C48 /* TopCell.swift */ = {isa = PBXFileReference; lastKnownFileType = sourcecode.swift; path = TopCell.swift; sourceTree = "<group>"; };
		6E615E4E29216C5300FD4C48 /* TopCell.xib */ = {isa = PBXFileReference; lastKnownFileType = file.xib; path = TopCell.xib; sourceTree = "<group>"; };
		6E615E5129216C5F00FD4C48 /* BottomCell.swift */ = {isa = PBXFileReference; lastKnownFileType = sourcecode.swift; path = BottomCell.swift; sourceTree = "<group>"; };
		6E615E5229216C5F00FD4C48 /* BottomCell.xib */ = {isa = PBXFileReference; lastKnownFileType = file.xib; path = BottomCell.xib; sourceTree = "<group>"; };
		6E627A0929226F1300925327 /* SearchVC.swift */ = {isa = PBXFileReference; lastKnownFileType = sourcecode.swift; path = SearchVC.swift; sourceTree = "<group>"; };
		6E627A0C2922702D00925327 /* SearchCell.swift */ = {isa = PBXFileReference; lastKnownFileType = sourcecode.swift; path = SearchCell.swift; sourceTree = "<group>"; };
		6E627A0D2922702D00925327 /* SearchCell.xib */ = {isa = PBXFileReference; lastKnownFileType = file.xib; path = SearchCell.xib; sourceTree = "<group>"; };
		6EB5B2772922BD5000C2ACFF /* NetworkManager.swift */ = {isa = PBXFileReference; lastKnownFileType = sourcecode.swift; path = NetworkManager.swift; sourceTree = "<group>"; };
		6EEDBFAA2922C88300D7F07A /* FavoritesVC.swift */ = {isa = PBXFileReference; lastKnownFileType = sourcecode.swift; path = FavoritesVC.swift; sourceTree = "<group>"; };
		6EEDBFAC2922C90C00D7F07A /* FavoritesCell.swift */ = {isa = PBXFileReference; lastKnownFileType = sourcecode.swift; path = FavoritesCell.swift; sourceTree = "<group>"; };
		6EEDBFAD2922C90C00D7F07A /* FavoritesCell.xib */ = {isa = PBXFileReference; lastKnownFileType = file.xib; path = FavoritesCell.xib; sourceTree = "<group>"; };
/* End PBXFileReference section */

/* Begin PBXFrameworksBuildPhase section */
		6E615E2E292159B300FD4C48 /* Frameworks */ = {
			isa = PBXFrameworksBuildPhase;
			buildActionMask = 2147483647;
			files = (
				6E0E45DF2923E40600D1C213 /* Kingfisher in Frameworks */,
				6E6279FF2922508600925327 /* SideTown in Frameworks */,
			);
			runOnlyForDeploymentPostprocessing = 0;
		};
/* End PBXFrameworksBuildPhase section */

/* Begin PBXGroup section */
		6E0E45D82923C8FF00D1C213 /* NetworkManager */ = {
			isa = PBXGroup;
			children = (
				6EB5B2772922BD5000C2ACFF /* NetworkManager.swift */,
			);
			path = NetworkManager;
			sourceTree = "<group>";
		};
		6E615E28292159B300FD4C48 = {
			isa = PBXGroup;
			children = (
				6E615E33292159B300FD4C48 /* Foodies */,
				6E615E32292159B300FD4C48 /* Products */,
			);
			sourceTree = "<group>";
		};
		6E615E32292159B300FD4C48 /* Products */ = {
			isa = PBXGroup;
			children = (
				6E615E31292159B300FD4C48 /* Foodies.app */,
			);
			name = Products;
			sourceTree = "<group>";
		};
		6E615E33292159B300FD4C48 /* Foodies */ = {
			isa = PBXGroup;
			children = (
				6E615E4A29216BF900FD4C48 /* Main */,
				6E627A0829226EFF00925327 /* Search */,
				6EEDBFA92922C86E00D7F07A /* Favorites */,
				6E615E3A292159B300FD4C48 /* Main.storyboard */,
				6E615E3D292159B600FD4C48 /* Assets.xcassets */,
				6E627A0729226ED500925327 /* Support */,
			);
			path = Foodies;
			sourceTree = "<group>";
		};
		6E615E4A29216BF900FD4C48 /* Main */ = {
			isa = PBXGroup;
			children = (
				6E615E4829216B0E00FD4C48 /* Model.swift */,
				6E0E45D82923C8FF00D1C213 /* NetworkManager */,
				6E615E38292159B300FD4C48 /* HomeVC.swift */,
				6E615E4B29216C1C00FD4C48 /* TopCell */,
				6E615E4C29216C2700FD4C48 /* BottomCell */,
			);
			path = Main;
			sourceTree = "<group>";
		};
		6E615E4B29216C1C00FD4C48 /* TopCell */ = {
			isa = PBXGroup;
			children = (
				6E615E4D29216C5300FD4C48 /* TopCell.swift */,
				6E615E4E29216C5300FD4C48 /* TopCell.xib */,
			);
			path = TopCell;
			sourceTree = "<group>";
		};
		6E615E4C29216C2700FD4C48 /* BottomCell */ = {
			isa = PBXGroup;
			children = (
				6E615E5129216C5F00FD4C48 /* BottomCell.swift */,
				6E615E5229216C5F00FD4C48 /* BottomCell.xib */,
			);
			path = BottomCell;
			sourceTree = "<group>";
		};
		6E627A0729226ED500925327 /* Support */ = {
			isa = PBXGroup;
			children = (
				6E615E36292159B300FD4C48 /* SceneDelegate.swift */,
				6E615E3F292159B600FD4C48 /* LaunchScreen.storyboard */,
				6E615E42292159B600FD4C48 /* Info.plist */,
				6E615E34292159B300FD4C48 /* AppDelegate.swift */,
			);
			name = Support;
			sourceTree = "<group>";
		};
		6E627A0829226EFF00925327 /* Search */ = {
			isa = PBXGroup;
			children = (
				6E627A0929226F1300925327 /* SearchVC.swift */,
				6E627A0B2922700A00925327 /* SearchCell */,
			);
			path = Search;
			sourceTree = "<group>";
		};
		6E627A0B2922700A00925327 /* SearchCell */ = {
			isa = PBXGroup;
			children = (
				6E627A0C2922702D00925327 /* SearchCell.swift */,
				6E627A0D2922702D00925327 /* SearchCell.xib */,
			);
			path = SearchCell;
			sourceTree = "<group>";
		};
		6EEDBFA92922C86E00D7F07A /* Favorites */ = {
			isa = PBXGroup;
			children = (
				6EEDBFAA2922C88300D7F07A /* FavoritesVC.swift */,
				6EEDBFB02922CA2100D7F07A /* FavoritesCell */,
			);
			path = Favorites;
			sourceTree = "<group>";
		};
		6EEDBFB02922CA2100D7F07A /* FavoritesCell */ = {
			isa = PBXGroup;
			children = (
				6EEDBFAC2922C90C00D7F07A /* FavoritesCell.swift */,
				6EEDBFAD2922C90C00D7F07A /* FavoritesCell.xib */,
			);
			path = FavoritesCell;
			sourceTree = "<group>";
		};
/* End PBXGroup section */

/* Begin PBXNativeTarget section */
		6E615E30292159B300FD4C48 /* Foodies */ = {
			isa = PBXNativeTarget;
			buildConfigurationList = 6E615E45292159B600FD4C48 /* Build configuration list for PBXNativeTarget "Foodies" */;
			buildPhases = (
				6E615E2D292159B300FD4C48 /* Sources */,
				6E615E2E292159B300FD4C48 /* Frameworks */,
				6E615E2F292159B300FD4C48 /* Resources */,
			);
			buildRules = (
			);
			dependencies = (
			);
			name = Foodies;
			packageProductDependencies = (
				6E6279FE2922508600925327 /* SideTown */,
				6E0E45DE2923E40600D1C213 /* Kingfisher */,
			);
			productName = Foodies;
			productReference = 6E615E31292159B300FD4C48 /* Foodies.app */;
			productType = "com.apple.product-type.application";
		};
/* End PBXNativeTarget section */

/* Begin PBXProject section */
		6E615E29292159B300FD4C48 /* Project object */ = {
			isa = PBXProject;
			attributes = {
				BuildIndependentTargetsInParallel = 1;
				LastSwiftUpdateCheck = 1340;
				LastUpgradeCheck = 1340;
				TargetAttributes = {
					6E615E30292159B300FD4C48 = {
						CreatedOnToolsVersion = 13.4.1;
					};
				};
			};
			buildConfigurationList = 6E615E2C292159B300FD4C48 /* Build configuration list for PBXProject "Foodies" */;
			compatibilityVersion = "Xcode 13.0";
			developmentRegion = en;
			hasScannedForEncodings = 0;
			knownRegions = (
				en,
				Base,
			);
			mainGroup = 6E615E28292159B300FD4C48;
			packageReferences = (
				6E6279FD2922508600925327 /* XCRemoteSwiftPackageReference "SideTown" */,
				6E0E45DD2923E40500D1C213 /* XCRemoteSwiftPackageReference "Kingfisher" */,
			);
			productRefGroup = 6E615E32292159B300FD4C48 /* Products */;
			projectDirPath = "";
			projectRoot = "";
			targets = (
				6E615E30292159B300FD4C48 /* Foodies */,
			);
		};
/* End PBXProject section */

/* Begin PBXResourcesBuildPhase section */
		6E615E2F292159B300FD4C48 /* Resources */ = {
			isa = PBXResourcesBuildPhase;
			buildActionMask = 2147483647;
			files = (
				6E615E41292159B600FD4C48 /* LaunchScreen.storyboard in Resources */,
				6E615E3E292159B600FD4C48 /* Assets.xcassets in Resources */,
				6E615E5429216C5F00FD4C48 /* BottomCell.xib in Resources */,
				6E627A0F2922702D00925327 /* SearchCell.xib in Resources */,
				6EEDBFAF2922C90C00D7F07A /* FavoritesCell.xib in Resources */,
				6E615E3C292159B300FD4C48 /* Main.storyboard in Resources */,
				6E615E5029216C5300FD4C48 /* TopCell.xib in Resources */,
			);
			runOnlyForDeploymentPostprocessing = 0;
		};
/* End PBXResourcesBuildPhase section */

/* Begin PBXSourcesBuildPhase section */
		6E615E2D292159B300FD4C48 /* Sources */ = {
			isa = PBXSourcesBuildPhase;
			buildActionMask = 2147483647;
			files = (
				6E615E5329216C5F00FD4C48 /* BottomCell.swift in Sources */,
				6E627A0E2922702D00925327 /* SearchCell.swift in Sources */,
				6E615E39292159B300FD4C48 /* HomeVC.swift in Sources */,
				6E615E35292159B300FD4C48 /* AppDelegate.swift in Sources */,
				6EB5B2782922BD5000C2ACFF /* NetworkManager.swift in Sources */,
				6E627A0A29226F1300925327 /* SearchVC.swift in Sources */,
				6EEDBFAE2922C90C00D7F07A /* FavoritesCell.swift in Sources */,
				6E615E37292159B300FD4C48 /* SceneDelegate.swift in Sources */,
				6E615E4F29216C5300FD4C48 /* TopCell.swift in Sources */,
				6EEDBFAB2922C88300D7F07A /* FavoritesVC.swift in Sources */,
				6E615E4929216B0E00FD4C48 /* Model.swift in Sources */,
			);
			runOnlyForDeploymentPostprocessing = 0;
		};
/* End PBXSourcesBuildPhase section */

/* Begin PBXVariantGroup section */
		6E615E3A292159B300FD4C48 /* Main.storyboard */ = {
			isa = PBXVariantGroup;
			children = (
				6E615E3B292159B300FD4C48 /* Base */,
			);
			name = Main.storyboard;
			sourceTree = "<group>";
		};
		6E615E3F292159B600FD4C48 /* LaunchScreen.storyboard */ = {
			isa = PBXVariantGroup;
			children = (
				6E615E40292159B600FD4C48 /* Base */,
			);
			name = LaunchScreen.storyboard;
			sourceTree = "<group>";
		};
/* End PBXVariantGroup section */

/* Begin XCBuildConfiguration section */
		6E615E43292159B600FD4C48 /* Debug */ = {
			isa = XCBuildConfiguration;
			buildSettings = {
				ALWAYS_SEARCH_USER_PATHS = NO;
				CLANG_ANALYZER_NONNULL = YES;
				CLANG_ANALYZER_NUMBER_OBJECT_CONVERSION = YES_AGGRESSIVE;
				CLANG_CXX_LANGUAGE_STANDARD = "gnu++17";
				CLANG_ENABLE_MODULES = YES;
				CLANG_ENABLE_OBJC_ARC = YES;
				CLANG_ENABLE_OBJC_WEAK = YES;
				CLANG_WARN_BLOCK_CAPTURE_AUTORELEASING = YES;
				CLANG_WARN_BOOL_CONVERSION = YES;
				CLANG_WARN_COMMA = YES;
				CLANG_WARN_CONSTANT_CONVERSION = YES;
				CLANG_WARN_DEPRECATED_OBJC_IMPLEMENTATIONS = YES;
				CLANG_WARN_DIRECT_OBJC_ISA_USAGE = YES_ERROR;
				CLANG_WARN_DOCUMENTATION_COMMENTS = YES;
				CLANG_WARN_EMPTY_BODY = YES;
				CLANG_WARN_ENUM_CONVERSION = YES;
				CLANG_WARN_INFINITE_RECURSION = YES;
				CLANG_WARN_INT_CONVERSION = YES;
				CLANG_WARN_NON_LITERAL_NULL_CONVERSION = YES;
				CLANG_WARN_OBJC_IMPLICIT_RETAIN_SELF = YES;
				CLANG_WARN_OBJC_LITERAL_CONVERSION = YES;
				CLANG_WARN_OBJC_ROOT_CLASS = YES_ERROR;
				CLANG_WARN_QUOTED_INCLUDE_IN_FRAMEWORK_HEADER = YES;
				CLANG_WARN_RANGE_LOOP_ANALYSIS = YES;
				CLANG_WARN_STRICT_PROTOTYPES = YES;
				CLANG_WARN_SUSPICIOUS_MOVE = YES;
				CLANG_WARN_UNGUARDED_AVAILABILITY = YES_AGGRESSIVE;
				CLANG_WARN_UNREACHABLE_CODE = YES;
				CLANG_WARN__DUPLICATE_METHOD_MATCH = YES;
				COPY_PHASE_STRIP = NO;
				DEBUG_INFORMATION_FORMAT = dwarf;
				ENABLE_STRICT_OBJC_MSGSEND = YES;
				ENABLE_TESTABILITY = YES;
				GCC_C_LANGUAGE_STANDARD = gnu11;
				GCC_DYNAMIC_NO_PIC = NO;
				GCC_NO_COMMON_BLOCKS = YES;
				GCC_OPTIMIZATION_LEVEL = 0;
				GCC_PREPROCESSOR_DEFINITIONS = (
					"DEBUG=1",
					"$(inherited)",
				);
				GCC_WARN_64_TO_32_BIT_CONVERSION = YES;
				GCC_WARN_ABOUT_RETURN_TYPE = YES_ERROR;
				GCC_WARN_UNDECLARED_SELECTOR = YES;
				GCC_WARN_UNINITIALIZED_AUTOS = YES_AGGRESSIVE;
				GCC_WARN_UNUSED_FUNCTION = YES;
				GCC_WARN_UNUSED_VARIABLE = YES;
				IPHONEOS_DEPLOYMENT_TARGET = 15.5;
				MTL_ENABLE_DEBUG_INFO = INCLUDE_SOURCE;
				MTL_FAST_MATH = YES;
				ONLY_ACTIVE_ARCH = YES;
				SDKROOT = iphoneos;
				SWIFT_ACTIVE_COMPILATION_CONDITIONS = DEBUG;
				SWIFT_OPTIMIZATION_LEVEL = "-Onone";
			};
			name = Debug;
		};
		6E615E44292159B600FD4C48 /* Release */ = {
			isa = XCBuildConfiguration;
			buildSettings = {
				ALWAYS_SEARCH_USER_PATHS = NO;
				CLANG_ANALYZER_NONNULL = YES;
				CLANG_ANALYZER_NUMBER_OBJECT_CONVERSION = YES_AGGRESSIVE;
				CLANG_CXX_LANGUAGE_STANDARD = "gnu++17";
				CLANG_ENABLE_MODULES = YES;
				CLANG_ENABLE_OBJC_ARC = YES;
				CLANG_ENABLE_OBJC_WEAK = YES;
				CLANG_WARN_BLOCK_CAPTURE_AUTORELEASING = YES;
				CLANG_WARN_BOOL_CONVERSION = YES;
				CLANG_WARN_COMMA = YES;
				CLANG_WARN_CONSTANT_CONVERSION = YES;
				CLANG_WARN_DEPRECATED_OBJC_IMPLEMENTATIONS = YES;
				CLANG_WARN_DIRECT_OBJC_ISA_USAGE = YES_ERROR;
				CLANG_WARN_DOCUMENTATION_COMMENTS = YES;
				CLANG_WARN_EMPTY_BODY = YES;
				CLANG_WARN_ENUM_CONVERSION = YES;
				CLANG_WARN_INFINITE_RECURSION = YES;
				CLANG_WARN_INT_CONVERSION = YES;
				CLANG_WARN_NON_LITERAL_NULL_CONVERSION = YES;
				CLANG_WARN_OBJC_IMPLICIT_RETAIN_SELF = YES;
				CLANG_WARN_OBJC_LITERAL_CONVERSION = YES;
				CLANG_WARN_OBJC_ROOT_CLASS = YES_ERROR;
				CLANG_WARN_QUOTED_INCLUDE_IN_FRAMEWORK_HEADER = YES;
				CLANG_WARN_RANGE_LOOP_ANALYSIS = YES;
				CLANG_WARN_STRICT_PROTOTYPES = YES;
				CLANG_WARN_SUSPICIOUS_MOVE = YES;
				CLANG_WARN_UNGUARDED_AVAILABILITY = YES_AGGRESSIVE;
				CLANG_WARN_UNREACHABLE_CODE = YES;
				CLANG_WARN__DUPLICATE_METHOD_MATCH = YES;
				COPY_PHASE_STRIP = NO;
				DEBUG_INFORMATION_FORMAT = "dwarf-with-dsym";
				ENABLE_NS_ASSERTIONS = NO;
				ENABLE_STRICT_OBJC_MSGSEND = YES;
				GCC_C_LANGUAGE_STANDARD = gnu11;
				GCC_NO_COMMON_BLOCKS = YES;
				GCC_WARN_64_TO_32_BIT_CONVERSION = YES;
				GCC_WARN_ABOUT_RETURN_TYPE = YES_ERROR;
				GCC_WARN_UNDECLARED_SELECTOR = YES;
				GCC_WARN_UNINITIALIZED_AUTOS = YES_AGGRESSIVE;
				GCC_WARN_UNUSED_FUNCTION = YES;
				GCC_WARN_UNUSED_VARIABLE = YES;
				IPHONEOS_DEPLOYMENT_TARGET = 15.5;
				MTL_ENABLE_DEBUG_INFO = NO;
				MTL_FAST_MATH = YES;
				SDKROOT = iphoneos;
				SWIFT_COMPILATION_MODE = wholemodule;
				SWIFT_OPTIMIZATION_LEVEL = "-O";
				VALIDATE_PRODUCT = YES;
			};
			name = Release;
		};
		6E615E46292159B600FD4C48 /* Debug */ = {
			isa = XCBuildConfiguration;
			buildSettings = {
				ASSETCATALOG_COMPILER_APPICON_NAME = AppIcon;
				ASSETCATALOG_COMPILER_GLOBAL_ACCENT_COLOR_NAME = AccentColor;
				CODE_SIGN_STYLE = Automatic;
				CURRENT_PROJECT_VERSION = 1;
				DEVELOPMENT_TEAM = 44BHC3G82R;
				GENERATE_INFOPLIST_FILE = YES;
				INFOPLIST_FILE = Foodies/Info.plist;
				INFOPLIST_KEY_UIApplicationSupportsIndirectInputEvents = YES;
				INFOPLIST_KEY_UILaunchStoryboardName = LaunchScreen;
				INFOPLIST_KEY_UIMainStoryboardFile = Main;
				INFOPLIST_KEY_UISupportedInterfaceOrientations = UIInterfaceOrientationPortrait;
				INFOPLIST_KEY_UISupportedInterfaceOrientations_iPad = "UIInterfaceOrientationPortrait UIInterfaceOrientationPortraitUpsideDown UIInterfaceOrientationLandscapeLeft UIInterfaceOrientationLandscapeRight";
				INFOPLIST_KEY_UISupportedInterfaceOrientations_iPhone = "UIInterfaceOrientationPortrait UIInterfaceOrientationLandscapeLeft UIInterfaceOrientationLandscapeRight";
				LD_RUNPATH_SEARCH_PATHS = (
					"$(inherited)",
					"@executable_path/Frameworks",
				);
				MARKETING_VERSION = 1.0;
				PRODUCT_BUNDLE_IDENTIFIER = com.kerimozek.Foodies;
				PRODUCT_NAME = "$(TARGET_NAME)";
				SWIFT_EMIT_LOC_STRINGS = YES;
				SWIFT_VERSION = 5.0;
				TARGETED_DEVICE_FAMILY = "1,2";
			};
			name = Debug;
		};
		6E615E47292159B600FD4C48 /* Release */ = {
			isa = XCBuildConfiguration;
			buildSettings = {
				ASSETCATALOG_COMPILER_APPICON_NAME = AppIcon;
				ASSETCATALOG_COMPILER_GLOBAL_ACCENT_COLOR_NAME = AccentColor;
				CODE_SIGN_STYLE = Automatic;
				CURRENT_PROJECT_VERSION = 1;
				DEVELOPMENT_TEAM = 44BHC3G82R;
				GENERATE_INFOPLIST_FILE = YES;
				INFOPLIST_FILE = Foodies/Info.plist;
				INFOPLIST_KEY_UIApplicationSupportsIndirectInputEvents = YES;
				INFOPLIST_KEY_UILaunchStoryboardName = LaunchScreen;
				INFOPLIST_KEY_UIMainStoryboardFile = Main;
				INFOPLIST_KEY_UISupportedInterfaceOrientations = UIInterfaceOrientationPortrait;
				INFOPLIST_KEY_UISupportedInterfaceOrientations_iPad = "UIInterfaceOrientationPortrait UIInterfaceOrientationPortraitUpsideDown UIInterfaceOrientationLandscapeLeft UIInterfaceOrientationLandscapeRight";
				INFOPLIST_KEY_UISupportedInterfaceOrientations_iPhone = "UIInterfaceOrientationPortrait UIInterfaceOrientationLandscapeLeft UIInterfaceOrientationLandscapeRight";
				LD_RUNPATH_SEARCH_PATHS = (
					"$(inherited)",
					"@executable_path/Frameworks",
				);
				MARKETING_VERSION = 1.0;
				PRODUCT_BUNDLE_IDENTIFIER = com.kerimozek.Foodies;
				PRODUCT_NAME = "$(TARGET_NAME)";
				SWIFT_EMIT_LOC_STRINGS = YES;
				SWIFT_VERSION = 5.0;
				TARGETED_DEVICE_FAMILY = "1,2";
			};
			name = Release;
		};
/* End XCBuildConfiguration section */

/* Begin XCConfigurationList section */
		6E615E2C292159B300FD4C48 /* Build configuration list for PBXProject "Foodies" */ = {
			isa = XCConfigurationList;
			buildConfigurations = (
				6E615E43292159B600FD4C48 /* Debug */,
				6E615E44292159B600FD4C48 /* Release */,
			);
			defaultConfigurationIsVisible = 0;
			defaultConfigurationName = Release;
		};
		6E615E45292159B600FD4C48 /* Build configuration list for PBXNativeTarget "Foodies" */ = {
			isa = XCConfigurationList;
			buildConfigurations = (
				6E615E46292159B600FD4C48 /* Debug */,
				6E615E47292159B600FD4C48 /* Release */,
			);
			defaultConfigurationIsVisible = 0;
			defaultConfigurationName = Release;
		};
/* End XCConfigurationList section */

/* Begin XCRemoteSwiftPackageReference section */
		6E0E45DD2923E40500D1C213 /* XCRemoteSwiftPackageReference "Kingfisher" */ = {
			isa = XCRemoteSwiftPackageReference;
			repositoryURL = "https://github.com/onevcat/Kingfisher.git";
			requirement = {
				branch = master;
				kind = branch;
			};
		};
		6E6279FD2922508600925327 /* XCRemoteSwiftPackageReference "SideTown" */ = {
			isa = XCRemoteSwiftPackageReference;
			repositoryURL = "https://github.com/sametkoyuncu/SideTown.git";
			requirement = {
				branch = main;
				kind = branch;
			};
		};
/* End XCRemoteSwiftPackageReference section */

/* Begin XCSwiftPackageProductDependency section */
		6E0E45DE2923E40600D1C213 /* Kingfisher */ = {
			isa = XCSwiftPackageProductDependency;
			package = 6E0E45DD2923E40500D1C213 /* XCRemoteSwiftPackageReference "Kingfisher" */;
			productName = Kingfisher;
		};
		6E6279FE2922508600925327 /* SideTown */ = {
			isa = XCSwiftPackageProductDependency;
			package = 6E6279FD2922508600925327 /* XCRemoteSwiftPackageReference "SideTown" */;
			productName = SideTown;
		};
/* End XCSwiftPackageProductDependency section */
	};
	rootObject = 6E615E29292159B300FD4C48 /* Project object */;
}
